
Microsoft Visual Studio Solution File, Format Version 12.00
# Visual Studio Version 16
VisualStudioVersion = 16.0.29613.14
MinimumVisualStudioVersion = 10.0.40219.1
Project("{FAE04EC0-301F-11D3-BF4B-00C04F79EFBC}") = "App_Console3", "App_Console3\App_Console3.csproj", "{A24D6481-E6DF-42C1-B941-AFC332EDC27A}"
EndProject
Global
	GlobalSection(SolutionConfigurationPlatforms) = preSolution
		Debug|Any CPU = Debug|Any CPU
		Release|Any CPU = Release|Any CPU
	EndGlobalSection
	GlobalSection(ProjectConfigurationPlatforms) = postSolution
		{A24D6481-E6DF-42C1-B941-AFC332EDC27A}.Debug|Any CPU.ActiveCfg = Debug|Any CPU
		{A24D6481-E6DF-42C1-B941-AFC332EDC27A}.Debug|Any CPU.Build.0 = Debug|Any CPU
		{A24D6481-E6DF-42C1-B941-AFC332EDC27A}.Release|Any CPU.ActiveCfg = Release|Any CPU
		{A24D6481-E6DF-42C1-B941-AFC332EDC27A}.Release|Any CPU.Build.0 = Release|Any CPU
	EndGlobalSection
	GlobalSection(SolutionProperties) = preSolution
		HideSolutionNode = FALSE
	EndGlobalSection
	GlobalSection(ExtensibilityGlobals) = postSolution
		SolutionGuid = {EAFBD43C-8D72-4743-9E78-1D6ED949C195}
	EndGlobalSection
EndGlobal
